<?xml version="1.0" encoding="UTF-8" standalone="yes" ?>
<CodeBlocks_project_file>
	<FileVersion major="1" minor="6" />
	<Project>
		<Option title="cb-project" />
		<Option platforms="Unix;" />
		<Option makefile_is_custom="1" />
		<Option execution_dir="src" />
		<Option pch_mode="2" />
		<Option compiler="avr-gcc" />
		<Build>
			<Target title="Debug">
				<Option output="cb-project" prefix_auto="1" extension_auto="1" />
				<Option object_output="obj/Debug/" />
				<Option type="0" />
				<Option compiler="avr-gcc" />
			</Target>
			<Target title="Release">
				<Option output="cb-project" prefix_auto="1" extension_auto="1" />
				<Option object_output="obj/Release/" />
				<Option type="0" />
				<Option compiler="avr-gcc" />
			</Target>
			<Target title="all">
				<Option platforms="Unix;" />
				<Option output="cb-project" prefix_auto="1" extension_auto="1" />
				<Option type="0" />
				<Option compiler="avr-gcc" />
			</Target>
		</Build>
		<Unit filename=".gitignore" />
		<Unit filename="src/Data.cpp" />
		<Unit filename="src/Data.h" />
		<Unit filename="src/utility/HallEffectSensor.cpp" />
		<Unit filename="src/utility/HallEffectSensor.h" />
		<Unit filename="src/utility/PhotoSensor.cpp" />
		<Unit filename="src/utility/PhotoSensor.h" />
		<Unit filename="src/utility/Photoresistor.cpp">
			<Option target="Debug" />
			<Option target="Release" />
		</Unit>
		<Unit filename="src/utility/Photoresistor.h">
			<Option target="Debug" />
			<Option target="Release" />
		</Unit>
		<Unit filename="src/utility/Sensor.cpp" />
		<Unit filename="src/utility/Sensor.h" />
		<Unit filename="src/utility/TemperatureSensor.cpp" />
		<Unit filename="src/utility/TemperatureSensor.h" />
		<Unit filename="src/utility/Timer.cpp" />
		<Unit filename="src/utility/Timer.h" />
		<Unit filename="src/utility/Utility.cpp" />
		<Unit filename="src/utility/Utility.h" />
		<Unit filename="src/utility/VoltageSensor.cpp" />
		<Unit filename="src/utility/VoltageSensor.h" />
		<Extensions>
			<code_completion />
			<debugger />
		</Extensions>
	</Project>
</CodeBlocks_project_file>
